
Microsoft Visual Studio Solution File, Format Version 12.00
# Visual Studio Version 17
VisualStudioVersion = 17.3.32825.248
MinimumVisualStudioVersion = 10.0.40219.1
Project("{8BC9CEB8-8B4A-11D0-8D11-00A0C91BC942}") = "구슬 탈출 2", "구슬 탈출 2\구슬 탈출 2.vcxproj", "{6AF88824-0508-4D7E-B319-79B1AE336FB6}"
EndProject
Project("{8BC9CEB8-8B4A-11D0-8D11-00A0C91BC942}") = "2048 (Easy)", "2048 (Easy)\2048 (Easy).vcxproj", "{BDB2315A-D685-49A8-B54F-3B3540DA69FF}"
EndProject
Project("{8BC9CEB8-8B4A-11D0-8D11-00A0C91BC942}") = "뱀", "뱀\뱀.vcxproj", "{5129C107-FBF5-4D3B-83F5-F0F5D6DF39FF}"
EndProject
Project("{8BC9CEB8-8B4A-11D0-8D11-00A0C91BC942}") = "시험 감독", "시험 감독\시험 감독.vcxproj", "{99D45926-F123-4BE8-B2F6-2ED132781415}"
EndProject
Project("{8BC9CEB8-8B4A-11D0-8D11-00A0C91BC942}") = "주사위 굴리기", "주사위 굴리기\주사위 굴리기.vcxproj", "{43446F6B-5612-486E-B4E5-9AD1DBE4C8A4}"
EndProject
Project("{8BC9CEB8-8B4A-11D0-8D11-00A0C91BC942}") = "테트로미노", "테트로미노\테트로미노.vcxproj", "{01AD273F-3155-4647-824A-D6BB3F4B24D0}"
EndProject
Project("{8BC9CEB8-8B4A-11D0-8D11-00A0C91BC942}") = "퇴사", "퇴사\퇴사.vcxproj", "{CBEAF3E7-B09E-41F5-973D-D8746D94491E}"
EndProject
Project("{8BC9CEB8-8B4A-11D0-8D11-00A0C91BC942}") = "연구소", "연구소\연구소.vcxproj", "{DD0E010D-3F1B-40F4-9B3B-080F554ACCA8}"
EndProject
Project("{8BC9CEB8-8B4A-11D0-8D11-00A0C91BC942}") = "로봇청소기", "로봇청소기\로봇청소기.vcxproj", "{9FDC01EB-D867-4205-8455-E776BE0B956F}"
EndProject
Global
	GlobalSection(SolutionConfigurationPlatforms) = preSolution
		Debug|x64 = Debug|x64
		Debug|x86 = Debug|x86
		Release|x64 = Release|x64
		Release|x86 = Release|x86
	EndGlobalSection
	GlobalSection(ProjectConfigurationPlatforms) = postSolution
		{6AF88824-0508-4D7E-B319-79B1AE336FB6}.Debug|x64.ActiveCfg = Debug|x64
		{6AF88824-0508-4D7E-B319-79B1AE336FB6}.Debug|x64.Build.0 = Debug|x64
		{6AF88824-0508-4D7E-B319-79B1AE336FB6}.Debug|x86.ActiveCfg = Debug|Win32
		{6AF88824-0508-4D7E-B319-79B1AE336FB6}.Debug|x86.Build.0 = Debug|Win32
		{6AF88824-0508-4D7E-B319-79B1AE336FB6}.Release|x64.ActiveCfg = Release|x64
		{6AF88824-0508-4D7E-B319-79B1AE336FB6}.Release|x64.Build.0 = Release|x64
		{6AF88824-0508-4D7E-B319-79B1AE336FB6}.Release|x86.ActiveCfg = Release|Win32
		{6AF88824-0508-4D7E-B319-79B1AE336FB6}.Release|x86.Build.0 = Release|Win32
		{BDB2315A-D685-49A8-B54F-3B3540DA69FF}.Debug|x64.ActiveCfg = Debug|x64
		{BDB2315A-D685-49A8-B54F-3B3540DA69FF}.Debug|x64.Build.0 = Debug|x64
		{BDB2315A-D685-49A8-B54F-3B3540DA69FF}.Debug|x86.ActiveCfg = Debug|Win32
		{BDB2315A-D685-49A8-B54F-3B3540DA69FF}.Debug|x86.Build.0 = Debug|Win32
		{BDB2315A-D685-49A8-B54F-3B3540DA69FF}.Release|x64.ActiveCfg = Release|x64
		{BDB2315A-D685-49A8-B54F-3B3540DA69FF}.Release|x64.Build.0 = Release|x64
		{BDB2315A-D685-49A8-B54F-3B3540DA69FF}.Release|x86.ActiveCfg = Release|Win32
		{BDB2315A-D685-49A8-B54F-3B3540DA69FF}.Release|x86.Build.0 = Release|Win32
		{5129C107-FBF5-4D3B-83F5-F0F5D6DF39FF}.Debug|x64.ActiveCfg = Debug|x64
		{5129C107-FBF5-4D3B-83F5-F0F5D6DF39FF}.Debug|x64.Build.0 = Debug|x64
		{5129C107-FBF5-4D3B-83F5-F0F5D6DF39FF}.Debug|x86.ActiveCfg = Debug|Win32
		{5129C107-FBF5-4D3B-83F5-F0F5D6DF39FF}.Debug|x86.Build.0 = Debug|Win32
		{5129C107-FBF5-4D3B-83F5-F0F5D6DF39FF}.Release|x64.ActiveCfg = Release|x64
		{5129C107-FBF5-4D3B-83F5-F0F5D6DF39FF}.Release|x64.Build.0 = Release|x64
		{5129C107-FBF5-4D3B-83F5-F0F5D6DF39FF}.Release|x86.ActiveCfg = Release|Win32
		{5129C107-FBF5-4D3B-83F5-F0F5D6DF39FF}.Release|x86.Build.0 = Release|Win32
		{99D45926-F123-4BE8-B2F6-2ED132781415}.Debug|x64.ActiveCfg = Debug|x64
		{99D45926-F123-4BE8-B2F6-2ED132781415}.Debug|x64.Build.0 = Debug|x64
		{99D45926-F123-4BE8-B2F6-2ED132781415}.Debug|x86.ActiveCfg = Debug|Win32
		{99D45926-F123-4BE8-B2F6-2ED132781415}.Debug|x86.Build.0 = Debug|Win32
		{99D45926-F123-4BE8-B2F6-2ED132781415}.Release|x64.ActiveCfg = Release|x64
		{99D45926-F123-4BE8-B2F6-2ED132781415}.Release|x64.Build.0 = Release|x64
		{99D45926-F123-4BE8-B2F6-2ED132781415}.Release|x86.ActiveCfg = Release|Win32
		{99D45926-F123-4BE8-B2F6-2ED132781415}.Release|x86.Build.0 = Release|Win32
		{43446F6B-5612-486E-B4E5-9AD1DBE4C8A4}.Debug|x64.ActiveCfg = Debug|x64
		{43446F6B-5612-486E-B4E5-9AD1DBE4C8A4}.Debug|x64.Build.0 = Debug|x64
		{43446F6B-5612-486E-B4E5-9AD1DBE4C8A4}.Debug|x86.ActiveCfg = Debug|Win32
		{43446F6B-5612-486E-B4E5-9AD1DBE4C8A4}.Debug|x86.Build.0 = Debug|Win32
		{43446F6B-5612-486E-B4E5-9AD1DBE4C8A4}.Release|x64.ActiveCfg = Release|x64
		{43446F6B-5612-486E-B4E5-9AD1DBE4C8A4}.Release|x64.Build.0 = Release|x64
		{43446F6B-5612-486E-B4E5-9AD1DBE4C8A4}.Release|x86.ActiveCfg = Release|Win32
		{43446F6B-5612-486E-B4E5-9AD1DBE4C8A4}.Release|x86.Build.0 = Release|Win32
		{01AD273F-3155-4647-824A-D6BB3F4B24D0}.Debug|x64.ActiveCfg = Debug|x64
		{01AD273F-3155-4647-824A-D6BB3F4B24D0}.Debug|x64.Build.0 = Debug|x64
		{01AD273F-3155-4647-824A-D6BB3F4B24D0}.Debug|x86.ActiveCfg = Debug|Win32
		{01AD273F-3155-4647-824A-D6BB3F4B24D0}.Debug|x86.Build.0 = Debug|Win32
		{01AD273F-3155-4647-824A-D6BB3F4B24D0}.Release|x64.ActiveCfg = Release|x64
		{01AD273F-3155-4647-824A-D6BB3F4B24D0}.Release|x64.Build.0 = Release|x64
		{01AD273F-3155-4647-824A-D6BB3F4B24D0}.Release|x86.ActiveCfg = Release|Win32
		{01AD273F-3155-4647-824A-D6BB3F4B24D0}.Release|x86.Build.0 = Release|Win32
		{CBEAF3E7-B09E-41F5-973D-D8746D94491E}.Debug|x64.ActiveCfg = Debug|x64
		{CBEAF3E7-B09E-41F5-973D-D8746D94491E}.Debug|x64.Build.0 = Debug|x64
		{CBEAF3E7-B09E-41F5-973D-D8746D94491E}.Debug|x86.ActiveCfg = Debug|Win32
		{CBEAF3E7-B09E-41F5-973D-D8746D94491E}.Debug|x86.Build.0 = Debug|Win32
		{CBEAF3E7-B09E-41F5-973D-D8746D94491E}.Release|x64.ActiveCfg = Release|x64
		{CBEAF3E7-B09E-41F5-973D-D8746D94491E}.Release|x64.Build.0 = Release|x64
		{CBEAF3E7-B09E-41F5-973D-D8746D94491E}.Release|x86.ActiveCfg = Release|Win32
		{CBEAF3E7-B09E-41F5-973D-D8746D94491E}.Release|x86.Build.0 = Release|Win32
		{DD0E010D-3F1B-40F4-9B3B-080F554ACCA8}.Debug|x64.ActiveCfg = Debug|x64
		{DD0E010D-3F1B-40F4-9B3B-080F554ACCA8}.Debug|x64.Build.0 = Debug|x64
		{DD0E010D-3F1B-40F4-9B3B-080F554ACCA8}.Debug|x86.ActiveCfg = Debug|Win32
		{DD0E010D-3F1B-40F4-9B3B-080F554ACCA8}.Debug|x86.Build.0 = Debug|Win32
		{DD0E010D-3F1B-40F4-9B3B-080F554ACCA8}.Release|x64.ActiveCfg = Release|x64
		{DD0E010D-3F1B-40F4-9B3B-080F554ACCA8}.Release|x64.Build.0 = Release|x64
		{DD0E010D-3F1B-40F4-9B3B-080F554ACCA8}.Release|x86.ActiveCfg = Release|Win32
		{DD0E010D-3F1B-40F4-9B3B-080F554ACCA8}.Release|x86.Build.0 = Release|Win32
		{9FDC01EB-D867-4205-8455-E776BE0B956F}.Debug|x64.ActiveCfg = Debug|x64
		{9FDC01EB-D867-4205-8455-E776BE0B956F}.Debug|x64.Build.0 = Debug|x64
		{9FDC01EB-D867-4205-8455-E776BE0B956F}.Debug|x86.ActiveCfg = Debug|Win32
		{9FDC01EB-D867-4205-8455-E776BE0B956F}.Debug|x86.Build.0 = Debug|Win32
		{9FDC01EB-D867-4205-8455-E776BE0B956F}.Release|x64.ActiveCfg = Release|x64
		{9FDC01EB-D867-4205-8455-E776BE0B956F}.Release|x64.Build.0 = Release|x64
		{9FDC01EB-D867-4205-8455-E776BE0B956F}.Release|x86.ActiveCfg = Release|Win32
		{9FDC01EB-D867-4205-8455-E776BE0B956F}.Release|x86.Build.0 = Release|Win32
	EndGlobalSection
	GlobalSection(SolutionProperties) = preSolution
		HideSolutionNode = FALSE
	EndGlobalSection
	GlobalSection(ExtensibilityGlobals) = postSolution
		SolutionGuid = {C4DDB686-6F47-49C8-BF79-404BA68F8D45}
	EndGlobalSection
EndGlobal
