
Microsoft Visual Studio Solution File, Format Version 12.00
# Visual Studio Version 17
VisualStudioVersion = 17.3.32825.248
MinimumVisualStudioVersion = 10.0.40219.1
Project("{8BC9CEB8-8B4A-11D0-8D11-00A0C91BC942}") = "Gravity", "Gravity\Gravity.vcxproj", "{FC25E563-4297-4593-845E-69D180112A42}"
EndProject
Project("{8BC9CEB8-8B4A-11D0-8D11-00A0C91BC942}") = "BabyGinGame", "BabyGinGame\BabyGinGame.vcxproj", "{CC6612B8-CD23-47F6-A6CD-8F9F41E97582}"
EndProject
Project("{8BC9CEB8-8B4A-11D0-8D11-00A0C91BC942}") = "SubsetBit", "SubsetBit\SubsetBit.vcxproj", "{C2E74839-5FD8-42BA-8E89-6C6AE9164396}"
EndProject
Project("{8BC9CEB8-8B4A-11D0-8D11-00A0C91BC942}") = "Ladder", "Ladder\Ladder.vcxproj", "{22A9C34A-4672-4981-9343-401B1A7B9FDC}"
EndProject
Project("{8BC9CEB8-8B4A-11D0-8D11-00A0C91BC942}") = "Dump", "Dump\Dump.vcxproj", "{A772CEEC-96BD-4E80-A1DD-0B4502646ED9}"
EndProject
Project("{8BC9CEB8-8B4A-11D0-8D11-00A0C91BC942}") = "Palindrome", "Palindrome\Palindrome.vcxproj", "{5503BB3D-2873-4BA6-96D2-70FFAFE3A305}"
EndProject
Project("{8BC9CEB8-8B4A-11D0-8D11-00A0C91BC942}") = "PatternMatch", "PatternMatch\PatternMatch.vcxproj", "{CB0E85FC-7B5C-429E-AFFD-E2DF1881CED4}"
EndProject
Project("{8BC9CEB8-8B4A-11D0-8D11-00A0C91BC942}") = "DFS", "DFS\DFS.vcxproj", "{B2DA51EB-C2B5-466E-8143-97CA4DD92F03}"
EndProject
Project("{8BC9CEB8-8B4A-11D0-8D11-00A0C91BC942}") = "Maze", "Maze\Maze.vcxproj", "{2B9A224C-4983-472D-99FB-9FCDEAC1833E}"
EndProject
Project("{8BC9CEB8-8B4A-11D0-8D11-00A0C91BC942}") = "StackMaze", "StackMaze\StackMaze.vcxproj", "{BE6A8FDA-BB7C-4E1A-88B1-B9CE71652FBC}"
EndProject
Project("{8BC9CEB8-8B4A-11D0-8D11-00A0C91BC942}") = "Fibonacci", "Fibonacci\Fibonacci.vcxproj", "{8735CC0D-8200-4698-B196-2EF5F8A18E4B}"
EndProject
Project("{8BC9CEB8-8B4A-11D0-8D11-00A0C91BC942}") = "BFS", "BFS\BFS.vcxproj", "{41936D5C-7E28-46DF-99EC-CB0FC2FA9F7C}"
EndProject
Project("{8BC9CEB8-8B4A-11D0-8D11-00A0C91BC942}") = "JosephusProblem", "JosephusProblem\JosephusProblem.vcxproj", "{83244BE1-E1F8-423C-89B2-15FF3EC80660}"
EndProject
Project("{8BC9CEB8-8B4A-11D0-8D11-00A0C91BC942}") = "InorderTraversal", "InorderTraversal\InorderTraversal.vcxproj", "{2A24713B-E83B-48FA-85FA-24F19F50BEB6}"
EndProject
Project("{8BC9CEB8-8B4A-11D0-8D11-00A0C91BC942}") = "InorderTraversalHeap", "ConsoleApplication2\ConsoleApplication2.vcxproj", "{AE4763F4-3035-44E4-9DF6-E1FCE52F0372}"
EndProject
Project("{8BC9CEB8-8B4A-11D0-8D11-00A0C91BC942}") = "Validation", "Validation\Validation.vcxproj", "{AF46C194-1023-41D1-9F92-25F9CE3F12A0}"
EndProject
Project("{8BC9CEB8-8B4A-11D0-8D11-00A0C91BC942}") = "Operation", "Operation\Operation.vcxproj", "{CC5FE908-EC02-4C72-A1A3-D694E02193A5}"
EndProject
Global
	GlobalSection(SolutionConfigurationPlatforms) = preSolution
		Debug|x64 = Debug|x64
		Debug|x86 = Debug|x86
		Release|x64 = Release|x64
		Release|x86 = Release|x86
	EndGlobalSection
	GlobalSection(ProjectConfigurationPlatforms) = postSolution
		{FC25E563-4297-4593-845E-69D180112A42}.Debug|x64.ActiveCfg = Debug|x64
		{FC25E563-4297-4593-845E-69D180112A42}.Debug|x64.Build.0 = Debug|x64
		{FC25E563-4297-4593-845E-69D180112A42}.Debug|x86.ActiveCfg = Debug|Win32
		{FC25E563-4297-4593-845E-69D180112A42}.Debug|x86.Build.0 = Debug|Win32
		{FC25E563-4297-4593-845E-69D180112A42}.Release|x64.ActiveCfg = Release|x64
		{FC25E563-4297-4593-845E-69D180112A42}.Release|x64.Build.0 = Release|x64
		{FC25E563-4297-4593-845E-69D180112A42}.Release|x86.ActiveCfg = Release|Win32
		{FC25E563-4297-4593-845E-69D180112A42}.Release|x86.Build.0 = Release|Win32
		{CC6612B8-CD23-47F6-A6CD-8F9F41E97582}.Debug|x64.ActiveCfg = Debug|x64
		{CC6612B8-CD23-47F6-A6CD-8F9F41E97582}.Debug|x64.Build.0 = Debug|x64
		{CC6612B8-CD23-47F6-A6CD-8F9F41E97582}.Debug|x86.ActiveCfg = Debug|Win32
		{CC6612B8-CD23-47F6-A6CD-8F9F41E97582}.Debug|x86.Build.0 = Debug|Win32
		{CC6612B8-CD23-47F6-A6CD-8F9F41E97582}.Release|x64.ActiveCfg = Release|x64
		{CC6612B8-CD23-47F6-A6CD-8F9F41E97582}.Release|x64.Build.0 = Release|x64
		{CC6612B8-CD23-47F6-A6CD-8F9F41E97582}.Release|x86.ActiveCfg = Release|Win32
		{CC6612B8-CD23-47F6-A6CD-8F9F41E97582}.Release|x86.Build.0 = Release|Win32
		{C2E74839-5FD8-42BA-8E89-6C6AE9164396}.Debug|x64.ActiveCfg = Debug|x64
		{C2E74839-5FD8-42BA-8E89-6C6AE9164396}.Debug|x64.Build.0 = Debug|x64
		{C2E74839-5FD8-42BA-8E89-6C6AE9164396}.Debug|x86.ActiveCfg = Debug|Win32
		{C2E74839-5FD8-42BA-8E89-6C6AE9164396}.Debug|x86.Build.0 = Debug|Win32
		{C2E74839-5FD8-42BA-8E89-6C6AE9164396}.Release|x64.ActiveCfg = Release|x64
		{C2E74839-5FD8-42BA-8E89-6C6AE9164396}.Release|x64.Build.0 = Release|x64
		{C2E74839-5FD8-42BA-8E89-6C6AE9164396}.Release|x86.ActiveCfg = Release|Win32
		{C2E74839-5FD8-42BA-8E89-6C6AE9164396}.Release|x86.Build.0 = Release|Win32
		{22A9C34A-4672-4981-9343-401B1A7B9FDC}.Debug|x64.ActiveCfg = Debug|x64
		{22A9C34A-4672-4981-9343-401B1A7B9FDC}.Debug|x64.Build.0 = Debug|x64
		{22A9C34A-4672-4981-9343-401B1A7B9FDC}.Debug|x86.ActiveCfg = Debug|Win32
		{22A9C34A-4672-4981-9343-401B1A7B9FDC}.Debug|x86.Build.0 = Debug|Win32
		{22A9C34A-4672-4981-9343-401B1A7B9FDC}.Release|x64.ActiveCfg = Release|x64
		{22A9C34A-4672-4981-9343-401B1A7B9FDC}.Release|x64.Build.0 = Release|x64
		{22A9C34A-4672-4981-9343-401B1A7B9FDC}.Release|x86.ActiveCfg = Release|Win32
		{22A9C34A-4672-4981-9343-401B1A7B9FDC}.Release|x86.Build.0 = Release|Win32
		{A772CEEC-96BD-4E80-A1DD-0B4502646ED9}.Debug|x64.ActiveCfg = Debug|x64
		{A772CEEC-96BD-4E80-A1DD-0B4502646ED9}.Debug|x64.Build.0 = Debug|x64
		{A772CEEC-96BD-4E80-A1DD-0B4502646ED9}.Debug|x86.ActiveCfg = Debug|Win32
		{A772CEEC-96BD-4E80-A1DD-0B4502646ED9}.Debug|x86.Build.0 = Debug|Win32
		{A772CEEC-96BD-4E80-A1DD-0B4502646ED9}.Release|x64.ActiveCfg = Release|x64
		{A772CEEC-96BD-4E80-A1DD-0B4502646ED9}.Release|x64.Build.0 = Release|x64
		{A772CEEC-96BD-4E80-A1DD-0B4502646ED9}.Release|x86.ActiveCfg = Release|Win32
		{A772CEEC-96BD-4E80-A1DD-0B4502646ED9}.Release|x86.Build.0 = Release|Win32
		{5503BB3D-2873-4BA6-96D2-70FFAFE3A305}.Debug|x64.ActiveCfg = Debug|x64
		{5503BB3D-2873-4BA6-96D2-70FFAFE3A305}.Debug|x64.Build.0 = Debug|x64
		{5503BB3D-2873-4BA6-96D2-70FFAFE3A305}.Debug|x86.ActiveCfg = Debug|Win32
		{5503BB3D-2873-4BA6-96D2-70FFAFE3A305}.Debug|x86.Build.0 = Debug|Win32
		{5503BB3D-2873-4BA6-96D2-70FFAFE3A305}.Release|x64.ActiveCfg = Release|x64
		{5503BB3D-2873-4BA6-96D2-70FFAFE3A305}.Release|x64.Build.0 = Release|x64
		{5503BB3D-2873-4BA6-96D2-70FFAFE3A305}.Release|x86.ActiveCfg = Release|Win32
		{5503BB3D-2873-4BA6-96D2-70FFAFE3A305}.Release|x86.Build.0 = Release|Win32
		{CB0E85FC-7B5C-429E-AFFD-E2DF1881CED4}.Debug|x64.ActiveCfg = Debug|x64
		{CB0E85FC-7B5C-429E-AFFD-E2DF1881CED4}.Debug|x64.Build.0 = Debug|x64
		{CB0E85FC-7B5C-429E-AFFD-E2DF1881CED4}.Debug|x86.ActiveCfg = Debug|Win32
		{CB0E85FC-7B5C-429E-AFFD-E2DF1881CED4}.Debug|x86.Build.0 = Debug|Win32
		{CB0E85FC-7B5C-429E-AFFD-E2DF1881CED4}.Release|x64.ActiveCfg = Release|x64
		{CB0E85FC-7B5C-429E-AFFD-E2DF1881CED4}.Release|x64.Build.0 = Release|x64
		{CB0E85FC-7B5C-429E-AFFD-E2DF1881CED4}.Release|x86.ActiveCfg = Release|Win32
		{CB0E85FC-7B5C-429E-AFFD-E2DF1881CED4}.Release|x86.Build.0 = Release|Win32
		{B2DA51EB-C2B5-466E-8143-97CA4DD92F03}.Debug|x64.ActiveCfg = Debug|x64
		{B2DA51EB-C2B5-466E-8143-97CA4DD92F03}.Debug|x64.Build.0 = Debug|x64
		{B2DA51EB-C2B5-466E-8143-97CA4DD92F03}.Debug|x86.ActiveCfg = Debug|Win32
		{B2DA51EB-C2B5-466E-8143-97CA4DD92F03}.Debug|x86.Build.0 = Debug|Win32
		{B2DA51EB-C2B5-466E-8143-97CA4DD92F03}.Release|x64.ActiveCfg = Release|x64
		{B2DA51EB-C2B5-466E-8143-97CA4DD92F03}.Release|x64.Build.0 = Release|x64
		{B2DA51EB-C2B5-466E-8143-97CA4DD92F03}.Release|x86.ActiveCfg = Release|Win32
		{B2DA51EB-C2B5-466E-8143-97CA4DD92F03}.Release|x86.Build.0 = Release|Win32
		{2B9A224C-4983-472D-99FB-9FCDEAC1833E}.Debug|x64.ActiveCfg = Debug|x64
		{2B9A224C-4983-472D-99FB-9FCDEAC1833E}.Debug|x64.Build.0 = Debug|x64
		{2B9A224C-4983-472D-99FB-9FCDEAC1833E}.Debug|x86.ActiveCfg = Debug|Win32
		{2B9A224C-4983-472D-99FB-9FCDEAC1833E}.Debug|x86.Build.0 = Debug|Win32
		{2B9A224C-4983-472D-99FB-9FCDEAC1833E}.Release|x64.ActiveCfg = Release|x64
		{2B9A224C-4983-472D-99FB-9FCDEAC1833E}.Release|x64.Build.0 = Release|x64
		{2B9A224C-4983-472D-99FB-9FCDEAC1833E}.Release|x86.ActiveCfg = Release|Win32
		{2B9A224C-4983-472D-99FB-9FCDEAC1833E}.Release|x86.Build.0 = Release|Win32
		{BE6A8FDA-BB7C-4E1A-88B1-B9CE71652FBC}.Debug|x64.ActiveCfg = Debug|x64
		{BE6A8FDA-BB7C-4E1A-88B1-B9CE71652FBC}.Debug|x64.Build.0 = Debug|x64
		{BE6A8FDA-BB7C-4E1A-88B1-B9CE71652FBC}.Debug|x86.ActiveCfg = Debug|Win32
		{BE6A8FDA-BB7C-4E1A-88B1-B9CE71652FBC}.Debug|x86.Build.0 = Debug|Win32
		{BE6A8FDA-BB7C-4E1A-88B1-B9CE71652FBC}.Release|x64.ActiveCfg = Release|x64
		{BE6A8FDA-BB7C-4E1A-88B1-B9CE71652FBC}.Release|x64.Build.0 = Release|x64
		{BE6A8FDA-BB7C-4E1A-88B1-B9CE71652FBC}.Release|x86.ActiveCfg = Release|Win32
		{BE6A8FDA-BB7C-4E1A-88B1-B9CE71652FBC}.Release|x86.Build.0 = Release|Win32
		{8735CC0D-8200-4698-B196-2EF5F8A18E4B}.Debug|x64.ActiveCfg = Debug|x64
		{8735CC0D-8200-4698-B196-2EF5F8A18E4B}.Debug|x64.Build.0 = Debug|x64
		{8735CC0D-8200-4698-B196-2EF5F8A18E4B}.Debug|x86.ActiveCfg = Debug|Win32
		{8735CC0D-8200-4698-B196-2EF5F8A18E4B}.Debug|x86.Build.0 = Debug|Win32
		{8735CC0D-8200-4698-B196-2EF5F8A18E4B}.Release|x64.ActiveCfg = Release|x64
		{8735CC0D-8200-4698-B196-2EF5F8A18E4B}.Release|x64.Build.0 = Release|x64
		{8735CC0D-8200-4698-B196-2EF5F8A18E4B}.Release|x86.ActiveCfg = Release|Win32
		{8735CC0D-8200-4698-B196-2EF5F8A18E4B}.Release|x86.Build.0 = Release|Win32
		{41936D5C-7E28-46DF-99EC-CB0FC2FA9F7C}.Debug|x64.ActiveCfg = Debug|x64
		{41936D5C-7E28-46DF-99EC-CB0FC2FA9F7C}.Debug|x64.Build.0 = Debug|x64
		{41936D5C-7E28-46DF-99EC-CB0FC2FA9F7C}.Debug|x86.ActiveCfg = Debug|Win32
		{41936D5C-7E28-46DF-99EC-CB0FC2FA9F7C}.Debug|x86.Build.0 = Debug|Win32
		{41936D5C-7E28-46DF-99EC-CB0FC2FA9F7C}.Release|x64.ActiveCfg = Release|x64
		{41936D5C-7E28-46DF-99EC-CB0FC2FA9F7C}.Release|x64.Build.0 = Release|x64
		{41936D5C-7E28-46DF-99EC-CB0FC2FA9F7C}.Release|x86.ActiveCfg = Release|Win32
		{41936D5C-7E28-46DF-99EC-CB0FC2FA9F7C}.Release|x86.Build.0 = Release|Win32
		{83244BE1-E1F8-423C-89B2-15FF3EC80660}.Debug|x64.ActiveCfg = Debug|x64
		{83244BE1-E1F8-423C-89B2-15FF3EC80660}.Debug|x64.Build.0 = Debug|x64
		{83244BE1-E1F8-423C-89B2-15FF3EC80660}.Debug|x86.ActiveCfg = Debug|Win32
		{83244BE1-E1F8-423C-89B2-15FF3EC80660}.Debug|x86.Build.0 = Debug|Win32
		{83244BE1-E1F8-423C-89B2-15FF3EC80660}.Release|x64.ActiveCfg = Release|x64
		{83244BE1-E1F8-423C-89B2-15FF3EC80660}.Release|x64.Build.0 = Release|x64
		{83244BE1-E1F8-423C-89B2-15FF3EC80660}.Release|x86.ActiveCfg = Release|Win32
		{83244BE1-E1F8-423C-89B2-15FF3EC80660}.Release|x86.Build.0 = Release|Win32
		{2A24713B-E83B-48FA-85FA-24F19F50BEB6}.Debug|x64.ActiveCfg = Debug|x64
		{2A24713B-E83B-48FA-85FA-24F19F50BEB6}.Debug|x64.Build.0 = Debug|x64
		{2A24713B-E83B-48FA-85FA-24F19F50BEB6}.Debug|x86.ActiveCfg = Debug|Win32
		{2A24713B-E83B-48FA-85FA-24F19F50BEB6}.Debug|x86.Build.0 = Debug|Win32
		{2A24713B-E83B-48FA-85FA-24F19F50BEB6}.Release|x64.ActiveCfg = Release|x64
		{2A24713B-E83B-48FA-85FA-24F19F50BEB6}.Release|x64.Build.0 = Release|x64
		{2A24713B-E83B-48FA-85FA-24F19F50BEB6}.Release|x86.ActiveCfg = Release|Win32
		{2A24713B-E83B-48FA-85FA-24F19F50BEB6}.Release|x86.Build.0 = Release|Win32
		{AE4763F4-3035-44E4-9DF6-E1FCE52F0372}.Debug|x64.ActiveCfg = Debug|x64
		{AE4763F4-3035-44E4-9DF6-E1FCE52F0372}.Debug|x64.Build.0 = Debug|x64
		{AE4763F4-3035-44E4-9DF6-E1FCE52F0372}.Debug|x86.ActiveCfg = Debug|Win32
		{AE4763F4-3035-44E4-9DF6-E1FCE52F0372}.Debug|x86.Build.0 = Debug|Win32
		{AE4763F4-3035-44E4-9DF6-E1FCE52F0372}.Release|x64.ActiveCfg = Release|x64
		{AE4763F4-3035-44E4-9DF6-E1FCE52F0372}.Release|x64.Build.0 = Release|x64
		{AE4763F4-3035-44E4-9DF6-E1FCE52F0372}.Release|x86.ActiveCfg = Release|Win32
		{AE4763F4-3035-44E4-9DF6-E1FCE52F0372}.Release|x86.Build.0 = Release|Win32
		{AF46C194-1023-41D1-9F92-25F9CE3F12A0}.Debug|x64.ActiveCfg = Debug|x64
		{AF46C194-1023-41D1-9F92-25F9CE3F12A0}.Debug|x64.Build.0 = Debug|x64
		{AF46C194-1023-41D1-9F92-25F9CE3F12A0}.Debug|x86.ActiveCfg = Debug|Win32
		{AF46C194-1023-41D1-9F92-25F9CE3F12A0}.Debug|x86.Build.0 = Debug|Win32
		{AF46C194-1023-41D1-9F92-25F9CE3F12A0}.Release|x64.ActiveCfg = Release|x64
		{AF46C194-1023-41D1-9F92-25F9CE3F12A0}.Release|x64.Build.0 = Release|x64
		{AF46C194-1023-41D1-9F92-25F9CE3F12A0}.Release|x86.ActiveCfg = Release|Win32
		{AF46C194-1023-41D1-9F92-25F9CE3F12A0}.Release|x86.Build.0 = Release|Win32
		{CC5FE908-EC02-4C72-A1A3-D694E02193A5}.Debug|x64.ActiveCfg = Debug|x64
		{CC5FE908-EC02-4C72-A1A3-D694E02193A5}.Debug|x64.Build.0 = Debug|x64
		{CC5FE908-EC02-4C72-A1A3-D694E02193A5}.Debug|x86.ActiveCfg = Debug|Win32
		{CC5FE908-EC02-4C72-A1A3-D694E02193A5}.Debug|x86.Build.0 = Debug|Win32
		{CC5FE908-EC02-4C72-A1A3-D694E02193A5}.Release|x64.ActiveCfg = Release|x64
		{CC5FE908-EC02-4C72-A1A3-D694E02193A5}.Release|x64.Build.0 = Release|x64
		{CC5FE908-EC02-4C72-A1A3-D694E02193A5}.Release|x86.ActiveCfg = Release|Win32
		{CC5FE908-EC02-4C72-A1A3-D694E02193A5}.Release|x86.Build.0 = Release|Win32
	EndGlobalSection
	GlobalSection(SolutionProperties) = preSolution
		HideSolutionNode = FALSE
	EndGlobalSection
	GlobalSection(ExtensibilityGlobals) = postSolution
		SolutionGuid = {CE1A8F30-BFDC-448B-8EAB-372554904276}
	EndGlobalSection
EndGlobal
